
Microsoft Visual Studio Solution File, Format Version 12.00
# Visual Studio Version 17
VisualStudioVersion = 17.9.34616.47
MinimumVisualStudioVersion = 10.0.40219.1
Project("{FAE04EC0-301F-11D3-BF4B-00C04F79EFBC}") = "LeetCode01", "LeetCode01\LeetCode01.csproj", "{363A7F5B-9DBB-45AC-BBA7-1A2AA639D827}"
EndProject
Project("{FAE04EC0-301F-11D3-BF4B-00C04F79EFBC}") = "LeetCode01Solution", "LeetCode01Solution\LeetCode01Solution.csproj", "{44051AD3-2631-40B6-A566-903B276EEABD}"
EndProject
Project("{FAE04EC0-301F-11D3-BF4B-00C04F79EFBC}") = "LeetCode01Test", "LeetCode01Testg\LeetCode01Test.csproj", "{8219BD82-DFF9-4703-95BA-282FCF49FEC0}"
EndProject
Global
	GlobalSection(SolutionConfigurationPlatforms) = preSolution
		Debug|Any CPU = Debug|Any CPU
		Release|Any CPU = Release|Any CPU
	EndGlobalSection
	GlobalSection(ProjectConfigurationPlatforms) = postSolution
		{363A7F5B-9DBB-45AC-BBA7-1A2AA639D827}.Debug|Any CPU.ActiveCfg = Debug|Any CPU
		{363A7F5B-9DBB-45AC-BBA7-1A2AA639D827}.Debug|Any CPU.Build.0 = Debug|Any CPU
		{363A7F5B-9DBB-45AC-BBA7-1A2AA639D827}.Release|Any CPU.ActiveCfg = Release|Any CPU
		{363A7F5B-9DBB-45AC-BBA7-1A2AA639D827}.Release|Any CPU.Build.0 = Release|Any CPU
		{44051AD3-2631-40B6-A566-903B276EEABD}.Debug|Any CPU.ActiveCfg = Debug|Any CPU
		{44051AD3-2631-40B6-A566-903B276EEABD}.Debug|Any CPU.Build.0 = Debug|Any CPU
		{44051AD3-2631-40B6-A566-903B276EEABD}.Release|Any CPU.ActiveCfg = Release|Any CPU
		{44051AD3-2631-40B6-A566-903B276EEABD}.Release|Any CPU.Build.0 = Release|Any CPU
		{8219BD82-DFF9-4703-95BA-282FCF49FEC0}.Debug|Any CPU.ActiveCfg = Debug|Any CPU
		{8219BD82-DFF9-4703-95BA-282FCF49FEC0}.Debug|Any CPU.Build.0 = Debug|Any CPU
		{8219BD82-DFF9-4703-95BA-282FCF49FEC0}.Release|Any CPU.ActiveCfg = Release|Any CPU
		{8219BD82-DFF9-4703-95BA-282FCF49FEC0}.Release|Any CPU.Build.0 = Release|Any CPU
	EndGlobalSection
	GlobalSection(SolutionProperties) = preSolution
		HideSolutionNode = FALSE
	EndGlobalSection
	GlobalSection(ExtensibilityGlobals) = postSolution
		SolutionGuid = {A9012E90-83D9-4086-88D6-E8265314DA60}
	EndGlobalSection
EndGlobal
